{
  "requires": true,
  "lockfileVersion": 1,
  "dependencies": {
    "bootstrap": {
      "version": "4.0.0",
      "resolved": "https://registry.npmjs.org/bootstrap/-/bootstrap-4.0.0.tgz",
      "integrity": "sha512-gulJE5dGFo6Q61V/whS6VM4WIyrlydXfCgkE+Gxe5hjrJ8rXLLZlALq7zq2RPhOc45PSwQpJkrTnc2KgD6cvmA=="
    },
    "font-awesome": {
      "version": "4.7.0",
      "resolved": "https://registry.npmjs.org/font-awesome/-/font-awesome-4.7.0.tgz",
      "integrity": "sha1-j6jPBBGhoxr9B7BtKQK7n8gVoTM="
    },
    "reflect-metadata": {
      "version": "0.1.12",
      "resolved": "https://registry.npmjs.org/reflect-metadata/-/reflect-metadata-0.1.12.tgz",
      "integrity": "sha512-n+IyV+nGz3+0q3/Yf1ra12KpCyi001bi4XFxSjbiWWjfqb52iTTtpGXmCCAOWWIAn9KEuFZKGqBERHmrtScZ3A=="
    },
    "typescript": {
      "version": "2.7.1",
      "resolved": "https://registry.npmjs.org/typescript/-/typescript-2.7.1.tgz",
      "integrity": "sha512-bqB1yS6o9TNA9ZC/MJxM0FZzPnZdtHj0xWK/IZ5khzVqdpGul/R/EIiHRgFXlwTD7PSIaYVnGKq1QgMCu2mnqw=="
    },
    "vue-class-component": {
      "version": "6.1.2",
      "resolved": "https://registry.npmjs.org/vue-class-component/-/vue-class-component-6.1.2.tgz",
      "integrity": "sha512-DF0PIhpBDiQdr+Rofd3HQ79N722hMVPQ8PDMt9vCD4Q7vCnOE3Dgn75ZuvRPYrNvkJtn26HWgwgR83XcJGmxGA=="
    },
    "vue-infinite-scroll": {
      "version": "2.0.2",
      "resolved": "https://registry.npmjs.org/vue-infinite-scroll/-/vue-infinite-scroll-2.0.2.tgz",
      "integrity": "sha512-n+YghR059YmciANGJh9SsNWRi1YZEBVlODtmnb/12zI+4R72QZSWd+EuZ5mW6auEo/yaJXgxzwsuhvALVnm73A=="
    },
    "vue-progressive-image": {
      "version": "2.4.4",
      "resolved": "https://registry.npmjs.org/vue-progressive-image/-/vue-progressive-image-2.4.4.tgz",
      "integrity": "sha512-xe9tD3cKI4tbuoY2CnhoPy53Be7DXPPMFEGu/c+fVjIBc/MmZ8fvfvdgVP1arnkkiFRNpRdkbZQ6H+H+FUWUyQ=="
    },
    "vue-property-decorator": {
      "version": "6.0.0",
      "resolved": "https://registry.npmjs.org/vue-property-decorator/-/vue-property-decorator-6.0.0.tgz",
      "integrity": "sha1-u2UbKTVC4x2w0k829LAlDvCNhRU=",
      "requires": {
        "reflect-metadata": "0.1.12",
        "vue-class-component": "6.1.2"
      }
    }
  }
}
